// !$*UTF8*$!
{
	archiveVersion = 1;
	classes = {
	};
	objectVersion = 48;
	objects = {

/* Begin PBXBuildFile section */
		B551491821A1E29600052788 /* AppDelegate.swift in Sources */ = {isa = PBXBuildFile; fileRef = B551491721A1E29600052788 /* AppDelegate.swift */; };
		B551491A21A1E29600052788 /* ViewController.swift in Sources */ = {isa = PBXBuildFile; fileRef = B551491921A1E29600052788 /* ViewController.swift */; };
		B551491D21A1E29600052788 /* Main.storyboard in Resources */ = {isa = PBXBuildFile; fileRef = B551491B21A1E29600052788 /* Main.storyboard */; };
		B551491F21A1E29600052788 /* Assets.xcassets in Resources */ = {isa = PBXBuildFile; fileRef = B551491E21A1E29600052788 /* Assets.xcassets */; };
		B551492221A1E29600052788 /* LaunchScreen.storyboard in Resources */ = {isa = PBXBuildFile; fileRef = B551492021A1E29600052788 /* LaunchScreen.storyboard */; };
		B551492D21A1E29600052788 /* FlickerTests.swift in Sources */ = {isa = PBXBuildFile; fileRef = B551492C21A1E29600052788 /* FlickerTests.swift */; };
		B551493821A1E29600052788 /* FlickerUITests.swift in Sources */ = {isa = PBXBuildFile; fileRef = B551493721A1E29600052788 /* FlickerUITests.swift */; };
		B551494721A1E39B00052788 /* NetworkContract.swift in Sources */ = {isa = PBXBuildFile; fileRef = B551494621A1E39B00052788 /* NetworkContract.swift */; };
		B551494921A1E3C600052788 /* NetworkRequestDetails.swift in Sources */ = {isa = PBXBuildFile; fileRef = B551494821A1E3C600052788 /* NetworkRequestDetails.swift */; };
		B551494B21A1E3ED00052788 /* NetworkService.swift in Sources */ = {isa = PBXBuildFile; fileRef = B551494A21A1E3ED00052788 /* NetworkService.swift */; };
		B551494E21A1E65400052788 /* PictureInfo.swift in Sources */ = {isa = PBXBuildFile; fileRef = B551494D21A1E65400052788 /* PictureInfo.swift */; };
		B551495021A1EAD700052788 /* ViewModel.swift in Sources */ = {isa = PBXBuildFile; fileRef = B551494F21A1EAD700052788 /* ViewModel.swift */; };
		B551495221A1EB0700052788 /* PictureInfoViewModel.swift in Sources */ = {isa = PBXBuildFile; fileRef = B551495121A1EB0700052788 /* PictureInfoViewModel.swift */; };
		B551495421A1EC7D00052788 /* PictureDetails.swift in Sources */ = {isa = PBXBuildFile; fileRef = B551495321A1EC7D00052788 /* PictureDetails.swift */; };
		B551495721A1FDD200052788 /* FlickerServiceCall.swift in Sources */ = {isa = PBXBuildFile; fileRef = B551495621A1FDD200052788 /* FlickerServiceCall.swift */; };
		B551495F21A2168B00052788 /* FlickerContract.swift in Sources */ = {isa = PBXBuildFile; fileRef = B551495E21A2168B00052788 /* FlickerContract.swift */; };
		B551496121A216BA00052788 /* FlickerSearchViewController.swift in Sources */ = {isa = PBXBuildFile; fileRef = B551496021A216BA00052788 /* FlickerSearchViewController.swift */; };
		B551496321A216CF00052788 /* FlickerSearch.storyboard in Resources */ = {isa = PBXBuildFile; fileRef = B551496221A216CF00052788 /* FlickerSearch.storyboard */; };
		B551496521A216DF00052788 /* FlickerSearchPresenter.swift in Sources */ = {isa = PBXBuildFile; fileRef = B551496421A216DF00052788 /* FlickerSearchPresenter.swift */; };
		B551496721A216F200052788 /* FlickerSearchRouter.swift in Sources */ = {isa = PBXBuildFile; fileRef = B551496621A216F200052788 /* FlickerSearchRouter.swift */; };
		B551496921A2172900052788 /* FlickerSearchServiceInteractor.swift in Sources */ = {isa = PBXBuildFile; fileRef = B551496821A2172900052788 /* FlickerSearchServiceInteractor.swift */; };
		B551496D21A218F000052788 /* FlickerResultTableViewCell.swift in Sources */ = {isa = PBXBuildFile; fileRef = B551496B21A218F000052788 /* FlickerResultTableViewCell.swift */; };
		B551496E21A218F000052788 /* FlickerResultTableViewCell.xib in Resources */ = {isa = PBXBuildFile; fileRef = B551496C21A218F000052788 /* FlickerResultTableViewCell.xib */; };
		B551497021A268B000052788 /* FlickerServiceRequest.swift in Sources */ = {isa = PBXBuildFile; fileRef = B551496F21A268B000052788 /* FlickerServiceRequest.swift */; };
/* End PBXBuildFile section */

/* Begin PBXContainerItemProxy section */
		B551492921A1E29600052788 /* PBXContainerItemProxy */ = {
			isa = PBXContainerItemProxy;
			containerPortal = B551490C21A1E29600052788 /* Project object */;
			proxyType = 1;
			remoteGlobalIDString = B551491321A1E29600052788;
			remoteInfo = Flicker;
		};
		B551493421A1E29600052788 /* PBXContainerItemProxy */ = {
			isa = PBXContainerItemProxy;
			containerPortal = B551490C21A1E29600052788 /* Project object */;
			proxyType = 1;
			remoteGlobalIDString = B551491321A1E29600052788;
			remoteInfo = Flicker;
		};
/* End PBXContainerItemProxy section */

/* Begin PBXFileReference section */
		B551491421A1E29600052788 /* Flicker.app */ = {isa = PBXFileReference; explicitFileType = wrapper.application; includeInIndex = 0; path = Flicker.app; sourceTree = BUILT_PRODUCTS_DIR; };
		B551491721A1E29600052788 /* AppDelegate.swift */ = {isa = PBXFileReference; lastKnownFileType = sourcecode.swift; path = AppDelegate.swift; sourceTree = "<group>"; };
		B551491921A1E29600052788 /* ViewController.swift */ = {isa = PBXFileReference; lastKnownFileType = sourcecode.swift; path = ViewController.swift; sourceTree = "<group>"; };
		B551491C21A1E29600052788 /* Base */ = {isa = PBXFileReference; lastKnownFileType = file.storyboard; name = Base; path = Base.lproj/Main.storyboard; sourceTree = "<group>"; };
		B551491E21A1E29600052788 /* Assets.xcassets */ = {isa = PBXFileReference; lastKnownFileType = folder.assetcatalog; path = Assets.xcassets; sourceTree = "<group>"; };
		B551492121A1E29600052788 /* Base */ = {isa = PBXFileReference; lastKnownFileType = file.storyboard; name = Base; path = Base.lproj/LaunchScreen.storyboard; sourceTree = "<group>"; };
		B551492321A1E29600052788 /* Info.plist */ = {isa = PBXFileReference; lastKnownFileType = text.plist.xml; path = Info.plist; sourceTree = "<group>"; };
		B551492821A1E29600052788 /* FlickerTests.xctest */ = {isa = PBXFileReference; explicitFileType = wrapper.cfbundle; includeInIndex = 0; path = FlickerTests.xctest; sourceTree = BUILT_PRODUCTS_DIR; };
		B551492C21A1E29600052788 /* FlickerTests.swift */ = {isa = PBXFileReference; lastKnownFileType = sourcecode.swift; path = FlickerTests.swift; sourceTree = "<group>"; };
		B551492E21A1E29600052788 /* Info.plist */ = {isa = PBXFileReference; lastKnownFileType = text.plist.xml; path = Info.plist; sourceTree = "<group>"; };
		B551493321A1E29600052788 /* FlickerUITests.xctest */ = {isa = PBXFileReference; explicitFileType = wrapper.cfbundle; includeInIndex = 0; path = FlickerUITests.xctest; sourceTree = BUILT_PRODUCTS_DIR; };
		B551493721A1E29600052788 /* FlickerUITests.swift */ = {isa = PBXFileReference; lastKnownFileType = sourcecode.swift; path = FlickerUITests.swift; sourceTree = "<group>"; };
		B551493921A1E29600052788 /* Info.plist */ = {isa = PBXFileReference; lastKnownFileType = text.plist.xml; path = Info.plist; sourceTree = "<group>"; };
		B551494621A1E39B00052788 /* NetworkContract.swift */ = {isa = PBXFileReference; lastKnownFileType = sourcecode.swift; path = NetworkContract.swift; sourceTree = "<group>"; };
		B551494821A1E3C600052788 /* NetworkRequestDetails.swift */ = {isa = PBXFileReference; lastKnownFileType = sourcecode.swift; path = NetworkRequestDetails.swift; sourceTree = "<group>"; };
		B551494A21A1E3ED00052788 /* NetworkService.swift */ = {isa = PBXFileReference; lastKnownFileType = sourcecode.swift; path = NetworkService.swift; sourceTree = "<group>"; };
		B551494D21A1E65400052788 /* PictureInfo.swift */ = {isa = PBXFileReference; lastKnownFileType = sourcecode.swift; path = PictureInfo.swift; sourceTree = "<group>"; };
		B551494F21A1EAD700052788 /* ViewModel.swift */ = {isa = PBXFileReference; lastKnownFileType = sourcecode.swift; path = ViewModel.swift; sourceTree = "<group>"; };
		B551495121A1EB0700052788 /* PictureInfoViewModel.swift */ = {isa = PBXFileReference; lastKnownFileType = sourcecode.swift; path = PictureInfoViewModel.swift; sourceTree = "<group>"; };
		B551495321A1EC7D00052788 /* PictureDetails.swift */ = {isa = PBXFileReference; lastKnownFileType = sourcecode.swift; path = PictureDetails.swift; sourceTree = "<group>"; };
		B551495621A1FDD200052788 /* FlickerServiceCall.swift */ = {isa = PBXFileReference; lastKnownFileType = sourcecode.swift; path = FlickerServiceCall.swift; sourceTree = "<group>"; };
		B551495E21A2168B00052788 /* FlickerContract.swift */ = {isa = PBXFileReference; lastKnownFileType = sourcecode.swift; path = FlickerContract.swift; sourceTree = "<group>"; };
		B551496021A216BA00052788 /* FlickerSearchViewController.swift */ = {isa = PBXFileReference; lastKnownFileType = sourcecode.swift; path = FlickerSearchViewController.swift; sourceTree = "<group>"; };
		B551496221A216CF00052788 /* FlickerSearch.storyboard */ = {isa = PBXFileReference; lastKnownFileType = file.storyboard; path = FlickerSearch.storyboard; sourceTree = "<group>"; };
		B551496421A216DF00052788 /* FlickerSearchPresenter.swift */ = {isa = PBXFileReference; lastKnownFileType = sourcecode.swift; path = FlickerSearchPresenter.swift; sourceTree = "<group>"; };
		B551496621A216F200052788 /* FlickerSearchRouter.swift */ = {isa = PBXFileReference; lastKnownFileType = sourcecode.swift; path = FlickerSearchRouter.swift; sourceTree = "<group>"; };
		B551496821A2172900052788 /* FlickerSearchServiceInteractor.swift */ = {isa = PBXFileReference; lastKnownFileType = sourcecode.swift; path = FlickerSearchServiceInteractor.swift; sourceTree = "<group>"; };
		B551496B21A218F000052788 /* FlickerResultTableViewCell.swift */ = {isa = PBXFileReference; lastKnownFileType = sourcecode.swift; path = FlickerResultTableViewCell.swift; sourceTree = "<group>"; };
		B551496C21A218F000052788 /* FlickerResultTableViewCell.xib */ = {isa = PBXFileReference; lastKnownFileType = file.xib; path = FlickerResultTableViewCell.xib; sourceTree = "<group>"; };
		B551496F21A268B000052788 /* FlickerServiceRequest.swift */ = {isa = PBXFileReference; lastKnownFileType = sourcecode.swift; path = FlickerServiceRequest.swift; sourceTree = "<group>"; };
/* End PBXFileReference section */

/* Begin PBXFrameworksBuildPhase section */
		B551491121A1E29600052788 /* Frameworks */ = {
			isa = PBXFrameworksBuildPhase;
			buildActionMask = 2147483647;
			files = (
			);
			runOnlyForDeploymentPostprocessing = 0;
		};
		B551492521A1E29600052788 /* Frameworks */ = {
			isa = PBXFrameworksBuildPhase;
			buildActionMask = 2147483647;
			files = (
			);
			runOnlyForDeploymentPostprocessing = 0;
		};
		B551493021A1E29600052788 /* Frameworks */ = {
			isa = PBXFrameworksBuildPhase;
			buildActionMask = 2147483647;
			files = (
			);
			runOnlyForDeploymentPostprocessing = 0;
		};
/* End PBXFrameworksBuildPhase section */

/* Begin PBXGroup section */
		B551490B21A1E29600052788 = {
			isa = PBXGroup;
			children = (
				B551491621A1E29600052788 /* Flicker */,
				B551492B21A1E29600052788 /* FlickerTests */,
				B551493621A1E29600052788 /* FlickerUITests */,
				B551491521A1E29600052788 /* Products */,
			);
			sourceTree = "<group>";
		};
		B551491521A1E29600052788 /* Products */ = {
			isa = PBXGroup;
			children = (
				B551491421A1E29600052788 /* Flicker.app */,
				B551492821A1E29600052788 /* FlickerTests.xctest */,
				B551493321A1E29600052788 /* FlickerUITests.xctest */,
			);
			name = Products;
			sourceTree = "<group>";
		};
		B551491621A1E29600052788 /* Flicker */ = {
			isa = PBXGroup;
			children = (
				B551496A21A218D100052788 /* ShareUI */,
				B551495C21A2166C00052788 /* Features */,
				B551491721A1E29600052788 /* AppDelegate.swift */,
				B551491921A1E29600052788 /* ViewController.swift */,
				B551491B21A1E29600052788 /* Main.storyboard */,
				B551494C21A1E5BA00052788 /* Models */,
				B551494521A1E37000052788 /* Network */,
				B551495521A1FDA400052788 /* ServiceCall */,
				B551491E21A1E29600052788 /* Assets.xcassets */,
				B551492021A1E29600052788 /* LaunchScreen.storyboard */,
				B551492321A1E29600052788 /* Info.plist */,
			);
			path = Flicker;
			sourceTree = "<group>";
		};
		B551492B21A1E29600052788 /* FlickerTests */ = {
			isa = PBXGroup;
			children = (
				B551492C21A1E29600052788 /* FlickerTests.swift */,
				B551492E21A1E29600052788 /* Info.plist */,
			);
			path = FlickerTests;
			sourceTree = "<group>";
		};
		B551493621A1E29600052788 /* FlickerUITests */ = {
			isa = PBXGroup;
			children = (
				B551493721A1E29600052788 /* FlickerUITests.swift */,
				B551493921A1E29600052788 /* Info.plist */,
			);
			path = FlickerUITests;
			sourceTree = "<group>";
		};
		B551494521A1E37000052788 /* Network */ = {
			isa = PBXGroup;
			children = (
				B551494621A1E39B00052788 /* NetworkContract.swift */,
				B551494821A1E3C600052788 /* NetworkRequestDetails.swift */,
				B551494A21A1E3ED00052788 /* NetworkService.swift */,
			);
			path = Network;
			sourceTree = "<group>";
		};
		B551494C21A1E5BA00052788 /* Models */ = {
			isa = PBXGroup;
			children = (
				B551494D21A1E65400052788 /* PictureInfo.swift */,
				B551494F21A1EAD700052788 /* ViewModel.swift */,
				B551495121A1EB0700052788 /* PictureInfoViewModel.swift */,
				B551495321A1EC7D00052788 /* PictureDetails.swift */,
			);
			path = Models;
			sourceTree = "<group>";
		};
		B551495521A1FDA400052788 /* ServiceCall */ = {
			isa = PBXGroup;
			children = (
				B551495621A1FDD200052788 /* FlickerServiceCall.swift */,
				B551496F21A268B000052788 /* FlickerServiceRequest.swift */,
			);
			path = ServiceCall;
			sourceTree = "<group>";
		};
		B551495C21A2166C00052788 /* Features */ = {
			isa = PBXGroup;
			children = (
				B551495D21A2167800052788 /* Search */,
			);
			path = Features;
			sourceTree = "<group>";
		};
		B551495D21A2167800052788 /* Search */ = {
			isa = PBXGroup;
			children = (
				B551495E21A2168B00052788 /* FlickerContract.swift */,
				B551496021A216BA00052788 /* FlickerSearchViewController.swift */,
				B551496221A216CF00052788 /* FlickerSearch.storyboard */,
				B551496421A216DF00052788 /* FlickerSearchPresenter.swift */,
				B551496621A216F200052788 /* FlickerSearchRouter.swift */,
				B551496821A2172900052788 /* FlickerSearchServiceInteractor.swift */,
			);
			path = Search;
			sourceTree = "<group>";
		};
		B551496A21A218D100052788 /* ShareUI */ = {
			isa = PBXGroup;
			children = (
				B551496B21A218F000052788 /* FlickerResultTableViewCell.swift */,
				B551496C21A218F000052788 /* FlickerResultTableViewCell.xib */,
			);
			path = ShareUI;
			sourceTree = "<group>";
		};
/* End PBXGroup section */

/* Begin PBXNativeTarget section */
		B551491321A1E29600052788 /* Flicker */ = {
			isa = PBXNativeTarget;
			buildConfigurationList = B551493C21A1E29600052788 /* Build configuration list for PBXNativeTarget "Flicker" */;
			buildPhases = (
				B551491021A1E29600052788 /* Sources */,
				B551491121A1E29600052788 /* Frameworks */,
				B551491221A1E29600052788 /* Resources */,
			);
			buildRules = (
			);
			dependencies = (
			);
			name = Flicker;
			productName = Flicker;
			productReference = B551491421A1E29600052788 /* Flicker.app */;
			productType = "com.apple.product-type.application";
		};
		B551492721A1E29600052788 /* FlickerTests */ = {
			isa = PBXNativeTarget;
			buildConfigurationList = B551493F21A1E29600052788 /* Build configuration list for PBXNativeTarget "FlickerTests" */;
			buildPhases = (
				B551492421A1E29600052788 /* Sources */,
				B551492521A1E29600052788 /* Frameworks */,
				B551492621A1E29600052788 /* Resources */,
			);
			buildRules = (
			);
			dependencies = (
				B551492A21A1E29600052788 /* PBXTargetDependency */,
			);
			name = FlickerTests;
			productName = FlickerTests;
			productReference = B551492821A1E29600052788 /* FlickerTests.xctest */;
			productType = "com.apple.product-type.bundle.unit-test";
		};
		B551493221A1E29600052788 /* FlickerUITests */ = {
			isa = PBXNativeTarget;
			buildConfigurationList = B551494221A1E29600052788 /* Build configuration list for PBXNativeTarget "FlickerUITests" */;
			buildPhases = (
				B551492F21A1E29600052788 /* Sources */,
				B551493021A1E29600052788 /* Frameworks */,
				B551493121A1E29600052788 /* Resources */,
			);
			buildRules = (
			);
			dependencies = (
				B551493521A1E29600052788 /* PBXTargetDependency */,
			);
			name = FlickerUITests;
			productName = FlickerUITests;
			productReference = B551493321A1E29600052788 /* FlickerUITests.xctest */;
			productType = "com.apple.product-type.bundle.ui-testing";
		};
/* End PBXNativeTarget section */

/* Begin PBXProject section */
		B551490C21A1E29600052788 /* Project object */ = {
			isa = PBXProject;
			attributes = {
				LastSwiftUpdateCheck = 0910;
				LastUpgradeCheck = 0910;
				ORGANIZATIONNAME = "Rahul Shivuni";
				TargetAttributes = {
					B551491321A1E29600052788 = {
						CreatedOnToolsVersion = 9.1;
						ProvisioningStyle = Automatic;
					};
					B551492721A1E29600052788 = {
						CreatedOnToolsVersion = 9.1;
						ProvisioningStyle = Automatic;
						TestTargetID = B551491321A1E29600052788;
					};
					B551493221A1E29600052788 = {
						CreatedOnToolsVersion = 9.1;
						ProvisioningStyle = Automatic;
						TestTargetID = B551491321A1E29600052788;
					};
				};
			};
			buildConfigurationList = B551490F21A1E29600052788 /* Build configuration list for PBXProject "Flicker" */;
			compatibilityVersion = "Xcode 8.0";
			developmentRegion = en;
			hasScannedForEncodings = 0;
			knownRegions = (
				en,
				Base,
			);
			mainGroup = B551490B21A1E29600052788;
			productRefGroup = B551491521A1E29600052788 /* Products */;
			projectDirPath = "";
			projectRoot = "";
			targets = (
				B551491321A1E29600052788 /* Flicker */,
				B551492721A1E29600052788 /* FlickerTests */,
				B551493221A1E29600052788 /* FlickerUITests */,
			);
		};
/* End PBXProject section */

/* Begin PBXResourcesBuildPhase section */
		B551491221A1E29600052788 /* Resources */ = {
			isa = PBXResourcesBuildPhase;
			buildActionMask = 2147483647;
			files = (
				B551492221A1E29600052788 /* LaunchScreen.storyboard in Resources */,
				B551496321A216CF00052788 /* FlickerSearch.storyboard in Resources */,
				B551496E21A218F000052788 /* FlickerResultTableViewCell.xib in Resources */,
				B551491F21A1E29600052788 /* Assets.xcassets in Resources */,
				B551491D21A1E29600052788 /* Main.storyboard in Resources */,
			);
			runOnlyForDeploymentPostprocessing = 0;
		};
		B551492621A1E29600052788 /* Resources */ = {
			isa = PBXResourcesBuildPhase;
			buildActionMask = 2147483647;
			files = (
			);
			runOnlyForDeploymentPostprocessing = 0;
		};
		B551493121A1E29600052788 /* Resources */ = {
			isa = PBXResourcesBuildPhase;
			buildActionMask = 2147483647;
			files = (
			);
			runOnlyForDeploymentPostprocessing = 0;
		};
/* End PBXResourcesBuildPhase section */

/* Begin PBXSourcesBuildPhase section */
		B551491021A1E29600052788 /* Sources */ = {
			isa = PBXSourcesBuildPhase;
			buildActionMask = 2147483647;
			files = (
				B551495721A1FDD200052788 /* FlickerServiceCall.swift in Sources */,
				B551495F21A2168B00052788 /* FlickerContract.swift in Sources */,
				B551497021A268B000052788 /* FlickerServiceRequest.swift in Sources */,
				B551496521A216DF00052788 /* FlickerSearchPresenter.swift in Sources */,
				B551494B21A1E3ED00052788 /* NetworkService.swift in Sources */,
				B551496121A216BA00052788 /* FlickerSearchViewController.swift in Sources */,
				B551495221A1EB0700052788 /* PictureInfoViewModel.swift in Sources */,
				B551496921A2172900052788 /* FlickerSearchServiceInteractor.swift in Sources */,
				B551495421A1EC7D00052788 /* PictureDetails.swift in Sources */,
				B551496721A216F200052788 /* FlickerSearchRouter.swift in Sources */,
				B551494721A1E39B00052788 /* NetworkContract.swift in Sources */,
				B551496D21A218F000052788 /* FlickerResultTableViewCell.swift in Sources */,
				B551494E21A1E65400052788 /* PictureInfo.swift in Sources */,
				B551491A21A1E29600052788 /* ViewController.swift in Sources */,
				B551491821A1E29600052788 /* AppDelegate.swift in Sources */,
				B551494921A1E3C600052788 /* NetworkRequestDetails.swift in Sources */,
				B551495021A1EAD700052788 /* ViewModel.swift in Sources */,
			);
			runOnlyForDeploymentPostprocessing = 0;
		};
		B551492421A1E29600052788 /* Sources */ = {
			isa = PBXSourcesBuildPhase;
			buildActionMask = 2147483647;
			files = (
				B551492D21A1E29600052788 /* FlickerTests.swift in Sources */,
			);
			runOnlyForDeploymentPostprocessing = 0;
		};
		B551492F21A1E29600052788 /* Sources */ = {
			isa = PBXSourcesBuildPhase;
			buildActionMask = 2147483647;
			files = (
				B551493821A1E29600052788 /* FlickerUITests.swift in Sources */,
			);
			runOnlyForDeploymentPostprocessing = 0;
		};
/* End PBXSourcesBuildPhase section */

/* Begin PBXTargetDependency section */
		B551492A21A1E29600052788 /* PBXTargetDependency */ = {
			isa = PBXTargetDependency;
			target = B551491321A1E29600052788 /* Flicker */;
			targetProxy = B551492921A1E29600052788 /* PBXContainerItemProxy */;
		};
		B551493521A1E29600052788 /* PBXTargetDependency */ = {
			isa = PBXTargetDependency;
			target = B551491321A1E29600052788 /* Flicker */;
			targetProxy = B551493421A1E29600052788 /* PBXContainerItemProxy */;
		};
/* End PBXTargetDependency section */

/* Begin PBXVariantGroup section */
		B551491B21A1E29600052788 /* Main.storyboard */ = {
			isa = PBXVariantGroup;
			children = (
				B551491C21A1E29600052788 /* Base */,
			);
			name = Main.storyboard;
			sourceTree = "<group>";
		};
		B551492021A1E29600052788 /* LaunchScreen.storyboard */ = {
			isa = PBXVariantGroup;
			children = (
				B551492121A1E29600052788 /* Base */,
			);
			name = LaunchScreen.storyboard;
			sourceTree = "<group>";
		};
/* End PBXVariantGroup section */

/* Begin XCBuildConfiguration section */
		B551493A21A1E29600052788 /* Debug */ = {
			isa = XCBuildConfiguration;
			buildSettings = {
				ALWAYS_SEARCH_USER_PATHS = NO;
				CLANG_ANALYZER_NONNULL = YES;
				CLANG_ANALYZER_NUMBER_OBJECT_CONVERSION = YES_AGGRESSIVE;
				CLANG_CXX_LANGUAGE_STANDARD = "gnu++14";
				CLANG_CXX_LIBRARY = "libc++";
				CLANG_ENABLE_MODULES = YES;
				CLANG_ENABLE_OBJC_ARC = YES;
				CLANG_WARN_BLOCK_CAPTURE_AUTORELEASING = YES;
				CLANG_WARN_BOOL_CONVERSION = YES;
				CLANG_WARN_COMMA = YES;
				CLANG_WARN_CONSTANT_CONVERSION = YES;
				CLANG_WARN_DIRECT_OBJC_ISA_USAGE = YES_ERROR;
				CLANG_WARN_DOCUMENTATION_COMMENTS = YES;
				CLANG_WARN_EMPTY_BODY = YES;
				CLANG_WARN_ENUM_CONVERSION = YES;
				CLANG_WARN_INFINITE_RECURSION = YES;
				CLANG_WARN_INT_CONVERSION = YES;
				CLANG_WARN_NON_LITERAL_NULL_CONVERSION = YES;
				CLANG_WARN_OBJC_LITERAL_CONVERSION = YES;
				CLANG_WARN_OBJC_ROOT_CLASS = YES_ERROR;
				CLANG_WARN_RANGE_LOOP_ANALYSIS = YES;
				CLANG_WARN_STRICT_PROTOTYPES = YES;
				CLANG_WARN_SUSPICIOUS_MOVE = YES;
				CLANG_WARN_UNGUARDED_AVAILABILITY = YES_AGGRESSIVE;
				CLANG_WARN_UNREACHABLE_CODE = YES;
				CLANG_WARN__DUPLICATE_METHOD_MATCH = YES;
				CODE_SIGN_IDENTITY = "iPhone Developer";
				COPY_PHASE_STRIP = NO;
				DEBUG_INFORMATION_FORMAT = dwarf;
				ENABLE_STRICT_OBJC_MSGSEND = YES;
				ENABLE_TESTABILITY = YES;
				GCC_C_LANGUAGE_STANDARD = gnu11;
				GCC_DYNAMIC_NO_PIC = NO;
				GCC_NO_COMMON_BLOCKS = YES;
				GCC_OPTIMIZATION_LEVEL = 0;
				GCC_PREPROCESSOR_DEFINITIONS = (
					"DEBUG=1",
					"$(inherited)",
				);
				GCC_WARN_64_TO_32_BIT_CONVERSION = YES;
				GCC_WARN_ABOUT_RETURN_TYPE = YES_ERROR;
				GCC_WARN_UNDECLARED_SELECTOR = YES;
				GCC_WARN_UNINITIALIZED_AUTOS = YES_AGGRESSIVE;
				GCC_WARN_UNUSED_FUNCTION = YES;
				GCC_WARN_UNUSED_VARIABLE = YES;
				IPHONEOS_DEPLOYMENT_TARGET = 11.1;
				MTL_ENABLE_DEBUG_INFO = YES;
				ONLY_ACTIVE_ARCH = YES;
				SDKROOT = iphoneos;
				SWIFT_ACTIVE_COMPILATION_CONDITIONS = DEBUG;
				SWIFT_OPTIMIZATION_LEVEL = "-Onone";
			};
			name = Debug;
		};
		B551493B21A1E29600052788 /* Release */ = {
			isa = XCBuildConfiguration;
			buildSettings = {
				ALWAYS_SEARCH_USER_PATHS = NO;
				CLANG_ANALYZER_NONNULL = YES;
				CLANG_ANALYZER_NUMBER_OBJECT_CONVERSION = YES_AGGRESSIVE;
				CLANG_CXX_LANGUAGE_STANDARD = "gnu++14";
				CLANG_CXX_LIBRARY = "libc++";
				CLANG_ENABLE_MODULES = YES;
				CLANG_ENABLE_OBJC_ARC = YES;
				CLANG_WARN_BLOCK_CAPTURE_AUTORELEASING = YES;
				CLANG_WARN_BOOL_CONVERSION = YES;
				CLANG_WARN_COMMA = YES;
				CLANG_WARN_CONSTANT_CONVERSION = YES;
				CLANG_WARN_DIRECT_OBJC_ISA_USAGE = YES_ERROR;
				CLANG_WARN_DOCUMENTATION_COMMENTS = YES;
				CLANG_WARN_EMPTY_BODY = YES;
				CLANG_WARN_ENUM_CONVERSION = YES;
				CLANG_WARN_INFINITE_RECURSION = YES;
				CLANG_WARN_INT_CONVERSION = YES;
				CLANG_WARN_NON_LITERAL_NULL_CONVERSION = YES;
				CLANG_WARN_OBJC_LITERAL_CONVERSION = YES;
				CLANG_WARN_OBJC_ROOT_CLASS = YES_ERROR;
				CLANG_WARN_RANGE_LOOP_ANALYSIS = YES;
				CLANG_WARN_STRICT_PROTOTYPES = YES;
				CLANG_WARN_SUSPICIOUS_MOVE = YES;
				CLANG_WARN_UNGUARDED_AVAILABILITY = YES_AGGRESSIVE;
				CLANG_WARN_UNREACHABLE_CODE = YES;
				CLANG_WARN__DUPLICATE_METHOD_MATCH = YES;
				CODE_SIGN_IDENTITY = "iPhone Developer";
				COPY_PHASE_STRIP = NO;
				DEBUG_INFORMATION_FORMAT = "dwarf-with-dsym";
				ENABLE_NS_ASSERTIONS = NO;
				ENABLE_STRICT_OBJC_MSGSEND = YES;
				GCC_C_LANGUAGE_STANDARD = gnu11;
				GCC_NO_COMMON_BLOCKS = YES;
				GCC_WARN_64_TO_32_BIT_CONVERSION = YES;
				GCC_WARN_ABOUT_RETURN_TYPE = YES_ERROR;
				GCC_WARN_UNDECLARED_SELECTOR = YES;
				GCC_WARN_UNINITIALIZED_AUTOS = YES_AGGRESSIVE;
				GCC_WARN_UNUSED_FUNCTION = YES;
				GCC_WARN_UNUSED_VARIABLE = YES;
				IPHONEOS_DEPLOYMENT_TARGET = 11.1;
				MTL_ENABLE_DEBUG_INFO = NO;
				SDKROOT = iphoneos;
				SWIFT_OPTIMIZATION_LEVEL = "-Owholemodule";
				VALIDATE_PRODUCT = YES;
			};
			name = Release;
		};
		B551493D21A1E29600052788 /* Debug */ = {
			isa = XCBuildConfiguration;
			buildSettings = {
				ASSETCATALOG_COMPILER_APPICON_NAME = AppIcon;
				CODE_SIGN_STYLE = Automatic;
				INFOPLIST_FILE = Flicker/Info.plist;
				LD_RUNPATH_SEARCH_PATHS = "$(inherited) @executable_path/Frameworks";
				PRODUCT_BUNDLE_IDENTIFIER = com.rahulshivuni.Flicker;
				PRODUCT_NAME = "$(TARGET_NAME)";
				SWIFT_VERSION = 4.0;
				TARGETED_DEVICE_FAMILY = "1,2";
			};
			name = Debug;
		};
		B551493E21A1E29600052788 /* Release */ = {
			isa = XCBuildConfiguration;
			buildSettings = {
				ASSETCATALOG_COMPILER_APPICON_NAME = AppIcon;
				CODE_SIGN_STYLE = Automatic;
				INFOPLIST_FILE = Flicker/Info.plist;
				LD_RUNPATH_SEARCH_PATHS = "$(inherited) @executable_path/Frameworks";
				PRODUCT_BUNDLE_IDENTIFIER = com.rahulshivuni.Flicker;
				PRODUCT_NAME = "$(TARGET_NAME)";
				SWIFT_VERSION = 4.0;
				TARGETED_DEVICE_FAMILY = "1,2";
			};
			name = Release;
		};
		B551494021A1E29600052788 /* Debug */ = {
			isa = XCBuildConfiguration;
			buildSettings = {
				ALWAYS_EMBED_SWIFT_STANDARD_LIBRARIES = YES;
				BUNDLE_LOADER = "$(TEST_HOST)";
				CODE_SIGN_STYLE = Automatic;
				INFOPLIST_FILE = FlickerTests/Info.plist;
				LD_RUNPATH_SEARCH_PATHS = "$(inherited) @executable_path/Frameworks @loader_path/Frameworks";
				PRODUCT_BUNDLE_IDENTIFIER = com.rahulshivuni.FlickerTests;
				PRODUCT_NAME = "$(TARGET_NAME)";
				SWIFT_VERSION = 4.0;
				TARGETED_DEVICE_FAMILY = "1,2";
				TEST_HOST = "$(BUILT_PRODUCTS_DIR)/Flicker.app/Flicker";
			};
			name = Debug;
		};
		B551494121A1E29600052788 /* Release */ = {
			isa = XCBuildConfiguration;
			buildSettings = {
				ALWAYS_EMBED_SWIFT_STANDARD_LIBRARIES = YES;
				BUNDLE_LOADER = "$(TEST_HOST)";
				CODE_SIGN_STYLE = Automatic;
				INFOPLIST_FILE = FlickerTests/Info.plist;
				LD_RUNPATH_SEARCH_PATHS = "$(inherited) @executable_path/Frameworks @loader_path/Frameworks";
				PRODUCT_BUNDLE_IDENTIFIER = com.rahulshivuni.FlickerTests;
				PRODUCT_NAME = "$(TARGET_NAME)";
				SWIFT_VERSION = 4.0;
				TARGETED_DEVICE_FAMILY = "1,2";
				TEST_HOST = "$(BUILT_PRODUCTS_DIR)/Flicker.app/Flicker";
			};
			name = Release;
		};
		B551494321A1E29600052788 /* Debug */ = {
			isa = XCBuildConfiguration;
			buildSettings = {
				ALWAYS_EMBED_SWIFT_STANDARD_LIBRARIES = YES;
				CODE_SIGN_STYLE = Automatic;
				INFOPLIST_FILE = FlickerUITests/Info.plist;
				LD_RUNPATH_SEARCH_PATHS = "$(inherited) @executable_path/Frameworks @loader_path/Frameworks";
				PRODUCT_BUNDLE_IDENTIFIER = com.rahulshivuni.FlickerUITests;
				PRODUCT_NAME = "$(TARGET_NAME)";
				SWIFT_VERSION = 4.0;
				TARGETED_DEVICE_FAMILY = "1,2";
				TEST_TARGET_NAME = Flicker;
			};
			name = Debug;
		};
		B551494421A1E29600052788 /* Release */ = {
			isa = XCBuildConfiguration;
			buildSettings = {
				ALWAYS_EMBED_SWIFT_STANDARD_LIBRARIES = YES;
				CODE_SIGN_STYLE = Automatic;
				INFOPLIST_FILE = FlickerUITests/Info.plist;
				LD_RUNPATH_SEARCH_PATHS = "$(inherited) @executable_path/Frameworks @loader_path/Frameworks";
				PRODUCT_BUNDLE_IDENTIFIER = com.rahulshivuni.FlickerUITests;
				PRODUCT_NAME = "$(TARGET_NAME)";
				SWIFT_VERSION = 4.0;
				TARGETED_DEVICE_FAMILY = "1,2";
				TEST_TARGET_NAME = Flicker;
			};
			name = Release;
		};
/* End XCBuildConfiguration section */

/* Begin XCConfigurationList section */
		B551490F21A1E29600052788 /* Build configuration list for PBXProject "Flicker" */ = {
			isa = XCConfigurationList;
			buildConfigurations = (
				B551493A21A1E29600052788 /* Debug */,
				B551493B21A1E29600052788 /* Release */,
			);
			defaultConfigurationIsVisible = 0;
			defaultConfigurationName = Release;
		};
		B551493C21A1E29600052788 /* Build configuration list for PBXNativeTarget "Flicker" */ = {
			isa = XCConfigurationList;
			buildConfigurations = (
				B551493D21A1E29600052788 /* Debug */,
				B551493E21A1E29600052788 /* Release */,
			);
			defaultConfigurationIsVisible = 0;
			defaultConfigurationName = Release;
		};
		B551493F21A1E29600052788 /* Build configuration list for PBXNativeTarget "FlickerTests" */ = {
			isa = XCConfigurationList;
			buildConfigurations = (
				B551494021A1E29600052788 /* Debug */,
				B551494121A1E29600052788 /* Release */,
			);
			defaultConfigurationIsVisible = 0;
			defaultConfigurationName = Release;
		};
		B551494221A1E29600052788 /* Build configuration list for PBXNativeTarget "FlickerUITests" */ = {
			isa = XCConfigurationList;
			buildConfigurations = (
				B551494321A1E29600052788 /* Debug */,
				B551494421A1E29600052788 /* Release */,
			);
			defaultConfigurationIsVisible = 0;
			defaultConfigurationName = Release;
		};
/* End XCConfigurationList section */
	};
	rootObject = B551490C21A1E29600052788 /* Project object */;
}
